
Microsoft Visual Studio Solution File, Format Version 12.00
# Visual Studio Version 16
VisualStudioVersion = 16.0.29123.88
MinimumVisualStudioVersion = 10.0.40219.1
Project("{FAE04EC0-301F-11D3-BF4B-00C04F79EFBC}") = "BCallouts", "BCallouts\BCallouts.csproj", "{096DEF07-C4F8-41A4-B33C-435D93F128E6}"
EndProject
Global
	GlobalSection(SolutionConfigurationPlatforms) = preSolution
		Debug|Any CPU = Debug|Any CPU
		Release|Any CPU = Release|Any CPU
	EndGlobalSection
	GlobalSection(ProjectConfigurationPlatforms) = postSolution
		{096DEF07-C4F8-41A4-B33C-435D93F128E6}.Debug|Any CPU.ActiveCfg = Debug|Any CPU
		{096DEF07-C4F8-41A4-B33C-435D93F128E6}.Debug|Any CPU.Build.0 = Debug|Any CPU
		{096DEF07-C4F8-41A4-B33C-435D93F128E6}.Release|Any CPU.ActiveCfg = Release|Any CPU
		{096DEF07-C4F8-41A4-B33C-435D93F128E6}.Release|Any CPU.Build.0 = Release|Any CPU
	EndGlobalSection
	GlobalSection(SolutionProperties) = preSolution
		HideSolutionNode = FALSE
	EndGlobalSection
	GlobalSection(ExtensibilityGlobals) = postSolution
		SolutionGuid = {8D19BF27-2696-4DC7-A4AE-F8F1EE8EDFB5}
	EndGlobalSection
EndGlobal
